// !$*UTF8*$!
{
	archiveVersion = 1;
	classes = {
	};
	objectVersion = 56;
	objects = {

/* Begin PBXBuildFile section */
		5A6BEF982B9C545B004BC1AA /* TitleCollectionViewCell.swift in Sources */ = {isa = PBXBuildFile; fileRef = 5A6BEF972B9C545B004BC1AA /* TitleCollectionViewCell.swift */; };
		5A6BEF9B2B9C65FD004BC1AA /* SDWebImage in Frameworks */ = {isa = PBXBuildFile; productRef = 5A6BEF9A2B9C65FD004BC1AA /* SDWebImage */; };
		5A6BEF9D2B9C65FD004BC1AA /* SDWebImageMapKit in Frameworks */ = {isa = PBXBuildFile; productRef = 5A6BEF9C2B9C65FD004BC1AA /* SDWebImageMapKit */; };
		5A87F44F2B9A544600F2BEAD /* AppDelegate.swift in Sources */ = {isa = PBXBuildFile; fileRef = 5A87F44E2B9A544600F2BEAD /* AppDelegate.swift */; };
		5A87F4512B9A544600F2BEAD /* SceneDelegate.swift in Sources */ = {isa = PBXBuildFile; fileRef = 5A87F4502B9A544600F2BEAD /* SceneDelegate.swift */; };
		5A87F4532B9A544600F2BEAD /* MainTabBarViewController.swift in Sources */ = {isa = PBXBuildFile; fileRef = 5A87F4522B9A544600F2BEAD /* MainTabBarViewController.swift */; };
		5A87F4562B9A544600F2BEAD /* Main.storyboard in Resources */ = {isa = PBXBuildFile; fileRef = 5A87F4542B9A544600F2BEAD /* Main.storyboard */; };
		5A87F4592B9A544600F2BEAD /* Netflix_Clone.xcdatamodeld in Sources */ = {isa = PBXBuildFile; fileRef = 5A87F4572B9A544600F2BEAD /* Netflix_Clone.xcdatamodeld */; };
		5A87F45B2B9A544700F2BEAD /* Assets.xcassets in Resources */ = {isa = PBXBuildFile; fileRef = 5A87F45A2B9A544700F2BEAD /* Assets.xcassets */; };
		5A87F45E2B9A544700F2BEAD /* LaunchScreen.storyboard in Resources */ = {isa = PBXBuildFile; fileRef = 5A87F45C2B9A544700F2BEAD /* LaunchScreen.storyboard */; };
		5A87F4672B9A560C00F2BEAD /* HomeViewController.swift in Sources */ = {isa = PBXBuildFile; fileRef = 5A87F4662B9A560C00F2BEAD /* HomeViewController.swift */; };
		5A87F4692B9A563900F2BEAD /* UpcomingViewController.swift in Sources */ = {isa = PBXBuildFile; fileRef = 5A87F4682B9A563900F2BEAD /* UpcomingViewController.swift */; };
		5A87F46B2B9A566200F2BEAD /* SearchViewController.swift in Sources */ = {isa = PBXBuildFile; fileRef = 5A87F46A2B9A566200F2BEAD /* SearchViewController.swift */; };
		5A87F46D2B9A569000F2BEAD /* DownloadsViewController.swift in Sources */ = {isa = PBXBuildFile; fileRef = 5A87F46C2B9A569000F2BEAD /* DownloadsViewController.swift */; };
		5A87F4742B9A5F3400F2BEAD /* CollectionViewTableViewCell.swift in Sources */ = {isa = PBXBuildFile; fileRef = 5A87F4732B9A5F3400F2BEAD /* CollectionViewTableViewCell.swift */; };
		5A8803AB2BACBB8700E375AE /* YoutubeSeacrhResponse.swift in Sources */ = {isa = PBXBuildFile; fileRef = 5A8803AA2BACBB8700E375AE /* YoutubeSeacrhResponse.swift */; };
		5A91CE392BA9D15E00528C24 /* SearchResultViewController.swift in Sources */ = {isa = PBXBuildFile; fileRef = 5A91CE382BA9D15E00528C24 /* SearchResultViewController.swift */; };
		5AABBB5B2B9B579A00F71525 /* APICaller.swift in Sources */ = {isa = PBXBuildFile; fileRef = 5AABBB5A2B9B579A00F71525 /* APICaller.swift */; };
		5AABBB5D2B9B5E3800F71525 /* Title.swift in Sources */ = {isa = PBXBuildFile; fileRef = 5AABBB5C2B9B5E3800F71525 /* Title.swift */; };
		5AABBB5F2B9B63FB00F71525 /* Extension.swift in Sources */ = {isa = PBXBuildFile; fileRef = 5AABBB5E2B9B63FB00F71525 /* Extension.swift */; };
		5AE592FE2B9AF64100AFA58C /* HeroHeaderUIView.swift in Sources */ = {isa = PBXBuildFile; fileRef = 5AE592FD2B9AF64100AFA58C /* HeroHeaderUIView.swift */; };
		5AEE3C762BA07E9500D319BB /* TitleTableViewCell.swift in Sources */ = {isa = PBXBuildFile; fileRef = 5AEE3C752BA07E9500D319BB /* TitleTableViewCell.swift */; };
		5AEE3C782BA0874D00D319BB /* TitleViewModel.swift in Sources */ = {isa = PBXBuildFile; fileRef = 5AEE3C772BA0874D00D319BB /* TitleViewModel.swift */; };
/* End PBXBuildFile section */

/* Begin PBXFileReference section */
		5A6BEF972B9C545B004BC1AA /* TitleCollectionViewCell.swift */ = {isa = PBXFileReference; lastKnownFileType = sourcecode.swift; path = TitleCollectionViewCell.swift; sourceTree = "<group>"; };
		5A87F44B2B9A544600F2BEAD /* Netflix Clone.app */ = {isa = PBXFileReference; explicitFileType = wrapper.application; includeInIndex = 0; path = "Netflix Clone.app"; sourceTree = BUILT_PRODUCTS_DIR; };
		5A87F44E2B9A544600F2BEAD /* AppDelegate.swift */ = {isa = PBXFileReference; lastKnownFileType = sourcecode.swift; path = AppDelegate.swift; sourceTree = "<group>"; };
		5A87F4502B9A544600F2BEAD /* SceneDelegate.swift */ = {isa = PBXFileReference; lastKnownFileType = sourcecode.swift; path = SceneDelegate.swift; sourceTree = "<group>"; };
		5A87F4522B9A544600F2BEAD /* MainTabBarViewController.swift */ = {isa = PBXFileReference; lastKnownFileType = sourcecode.swift; path = MainTabBarViewController.swift; sourceTree = "<group>"; };
		5A87F4552B9A544600F2BEAD /* Base */ = {isa = PBXFileReference; lastKnownFileType = file.storyboard; name = Base; path = Base.lproj/Main.storyboard; sourceTree = "<group>"; };
		5A87F4582B9A544600F2BEAD /* Netflix_Clone.xcdatamodel */ = {isa = PBXFileReference; lastKnownFileType = wrapper.xcdatamodel; path = Netflix_Clone.xcdatamodel; sourceTree = "<group>"; };
		5A87F45A2B9A544700F2BEAD /* Assets.xcassets */ = {isa = PBXFileReference; lastKnownFileType = folder.assetcatalog; path = Assets.xcassets; sourceTree = "<group>"; };
		5A87F45D2B9A544700F2BEAD /* Base */ = {isa = PBXFileReference; lastKnownFileType = file.storyboard; name = Base; path = Base.lproj/LaunchScreen.storyboard; sourceTree = "<group>"; };
		5A87F45F2B9A544700F2BEAD /* Info.plist */ = {isa = PBXFileReference; lastKnownFileType = text.plist.xml; path = Info.plist; sourceTree = "<group>"; };
		5A87F4662B9A560C00F2BEAD /* HomeViewController.swift */ = {isa = PBXFileReference; lastKnownFileType = sourcecode.swift; path = HomeViewController.swift; sourceTree = "<group>"; };
		5A87F4682B9A563900F2BEAD /* UpcomingViewController.swift */ = {isa = PBXFileReference; lastKnownFileType = sourcecode.swift; path = UpcomingViewController.swift; sourceTree = "<group>"; };
		5A87F46A2B9A566200F2BEAD /* SearchViewController.swift */ = {isa = PBXFileReference; lastKnownFileType = sourcecode.swift; path = SearchViewController.swift; sourceTree = "<group>"; };
		5A87F46C2B9A569000F2BEAD /* DownloadsViewController.swift */ = {isa = PBXFileReference; lastKnownFileType = sourcecode.swift; path = DownloadsViewController.swift; sourceTree = "<group>"; };
		5A87F4732B9A5F3400F2BEAD /* CollectionViewTableViewCell.swift */ = {isa = PBXFileReference; lastKnownFileType = sourcecode.swift; path = CollectionViewTableViewCell.swift; sourceTree = "<group>"; };
		5A8803AA2BACBB8700E375AE /* YoutubeSeacrhResponse.swift */ = {isa = PBXFileReference; lastKnownFileType = sourcecode.swift; path = YoutubeSeacrhResponse.swift; sourceTree = "<group>"; };
		5A91CE382BA9D15E00528C24 /* SearchResultViewController.swift */ = {isa = PBXFileReference; lastKnownFileType = sourcecode.swift; path = SearchResultViewController.swift; sourceTree = "<group>"; };
		5AABBB5A2B9B579A00F71525 /* APICaller.swift */ = {isa = PBXFileReference; lastKnownFileType = sourcecode.swift; path = APICaller.swift; sourceTree = "<group>"; };
		5AABBB5C2B9B5E3800F71525 /* Title.swift */ = {isa = PBXFileReference; lastKnownFileType = sourcecode.swift; path = Title.swift; sourceTree = "<group>"; };
		5AABBB5E2B9B63FB00F71525 /* Extension.swift */ = {isa = PBXFileReference; lastKnownFileType = sourcecode.swift; path = Extension.swift; sourceTree = "<group>"; };
		5AE592FD2B9AF64100AFA58C /* HeroHeaderUIView.swift */ = {isa = PBXFileReference; lastKnownFileType = sourcecode.swift; path = HeroHeaderUIView.swift; sourceTree = "<group>"; };
		5AEE3C752BA07E9500D319BB /* TitleTableViewCell.swift */ = {isa = PBXFileReference; lastKnownFileType = sourcecode.swift; path = TitleTableViewCell.swift; sourceTree = "<group>"; };
		5AEE3C772BA0874D00D319BB /* TitleViewModel.swift */ = {isa = PBXFileReference; lastKnownFileType = sourcecode.swift; path = TitleViewModel.swift; sourceTree = "<group>"; };
/* End PBXFileReference section */

/* Begin PBXFrameworksBuildPhase section */
		5A87F4482B9A544600F2BEAD /* Frameworks */ = {
			isa = PBXFrameworksBuildPhase;
			buildActionMask = 2147483647;
			files = (
				5A6BEF9D2B9C65FD004BC1AA /* SDWebImageMapKit in Frameworks */,
				5A6BEF9B2B9C65FD004BC1AA /* SDWebImage in Frameworks */,
			);
			runOnlyForDeploymentPostprocessing = 0;
		};
/* End PBXFrameworksBuildPhase section */

/* Begin PBXGroup section */
		5A87F4422B9A544600F2BEAD = {
			isa = PBXGroup;
			children = (
				5A87F44D2B9A544600F2BEAD /* Netflix Clone */,
				5A87F44C2B9A544600F2BEAD /* Products */,
			);
			sourceTree = "<group>";
		};
		5A87F44C2B9A544600F2BEAD /* Products */ = {
			isa = PBXGroup;
			children = (
				5A87F44B2B9A544600F2BEAD /* Netflix Clone.app */,
			);
			name = Products;
			sourceTree = "<group>";
		};
		5A87F44D2B9A544600F2BEAD /* Netflix Clone */ = {
			isa = PBXGroup;
			children = (
				5A87F4722B9A5F0400F2BEAD /* Managers */,
				5A87F4712B9A5EF700F2BEAD /* Resources */,
				5A87F4702B9A5EE000F2BEAD /* ViewModels */,
				5A87F46F2B9A5ED700F2BEAD /* Views */,
				5A87F46E2B9A5ECF00F2BEAD /* Models */,
				5A87F4652B9A55F900F2BEAD /* Controllers */,
				5A87F44E2B9A544600F2BEAD /* AppDelegate.swift */,
				5A87F4502B9A544600F2BEAD /* SceneDelegate.swift */,
				5A87F4522B9A544600F2BEAD /* MainTabBarViewController.swift */,
				5A87F4542B9A544600F2BEAD /* Main.storyboard */,
				5A87F45A2B9A544700F2BEAD /* Assets.xcassets */,
				5A87F45C2B9A544700F2BEAD /* LaunchScreen.storyboard */,
				5A87F4572B9A544600F2BEAD /* Netflix_Clone.xcdatamodeld */,
				5A87F45F2B9A544700F2BEAD /* Info.plist */,
			);
			path = "Netflix Clone";
			sourceTree = "<group>";
		};
		5A87F4652B9A55F900F2BEAD /* Controllers */ = {
			isa = PBXGroup;
			children = (
				5A87F4662B9A560C00F2BEAD /* HomeViewController.swift */,
				5A87F4682B9A563900F2BEAD /* UpcomingViewController.swift */,
				5A87F46A2B9A566200F2BEAD /* SearchViewController.swift */,
				5A87F46C2B9A569000F2BEAD /* DownloadsViewController.swift */,
				5A91CE382BA9D15E00528C24 /* SearchResultViewController.swift */,
			);
			path = Controllers;
			sourceTree = "<group>";
		};
		5A87F46E2B9A5ECF00F2BEAD /* Models */ = {
			isa = PBXGroup;
			children = (
				5AABBB5C2B9B5E3800F71525 /* Title.swift */,
				5A8803AA2BACBB8700E375AE /* YoutubeSeacrhResponse.swift */,
			);
			path = Models;
			sourceTree = "<group>";
		};
		5A87F46F2B9A5ED700F2BEAD /* Views */ = {
			isa = PBXGroup;
			children = (
				5A87F4732B9A5F3400F2BEAD /* CollectionViewTableViewCell.swift */,
				5AE592FD2B9AF64100AFA58C /* HeroHeaderUIView.swift */,
				5A6BEF972B9C545B004BC1AA /* TitleCollectionViewCell.swift */,
				5AEE3C752BA07E9500D319BB /* TitleTableViewCell.swift */,
			);
			path = Views;
			sourceTree = "<group>";
		};
		5A87F4702B9A5EE000F2BEAD /* ViewModels */ = {
			isa = PBXGroup;
			children = (
				5AEE3C772BA0874D00D319BB /* TitleViewModel.swift */,
			);
			path = ViewModels;
			sourceTree = "<group>";
		};
		5A87F4712B9A5EF700F2BEAD /* Resources */ = {
			isa = PBXGroup;
			children = (
				5AABBB5E2B9B63FB00F71525 /* Extension.swift */,
			);
			path = Resources;
			sourceTree = "<group>";
		};
		5A87F4722B9A5F0400F2BEAD /* Managers */ = {
			isa = PBXGroup;
			children = (
				5AABBB5A2B9B579A00F71525 /* APICaller.swift */,
			);
			path = Managers;
			sourceTree = "<group>";
		};
/* End PBXGroup section */

/* Begin PBXNativeTarget section */
		5A87F44A2B9A544600F2BEAD /* Netflix Clone */ = {
			isa = PBXNativeTarget;
			buildConfigurationList = 5A87F4622B9A544700F2BEAD /* Build configuration list for PBXNativeTarget "Netflix Clone" */;
			buildPhases = (
				5A87F4472B9A544600F2BEAD /* Sources */,
				5A87F4482B9A544600F2BEAD /* Frameworks */,
				5A87F4492B9A544600F2BEAD /* Resources */,
			);
			buildRules = (
			);
			dependencies = (
			);
			name = "Netflix Clone";
			packageProductDependencies = (
				5A6BEF9A2B9C65FD004BC1AA /* SDWebImage */,
				5A6BEF9C2B9C65FD004BC1AA /* SDWebImageMapKit */,
			);
			productName = "Netflix Clone";
			productReference = 5A87F44B2B9A544600F2BEAD /* Netflix Clone.app */;
			productType = "com.apple.product-type.application";
		};
/* End PBXNativeTarget section */

/* Begin PBXProject section */
		5A87F4432B9A544600F2BEAD /* Project object */ = {
			isa = PBXProject;
			attributes = {
				BuildIndependentTargetsInParallel = 1;
				LastSwiftUpdateCheck = 1500;
				LastUpgradeCheck = 1500;
				TargetAttributes = {
					5A87F44A2B9A544600F2BEAD = {
						CreatedOnToolsVersion = 15.0.1;
					};
				};
			};
			buildConfigurationList = 5A87F4462B9A544600F2BEAD /* Build configuration list for PBXProject "Netflix Clone" */;
			compatibilityVersion = "Xcode 14.0";
			developmentRegion = en;
			hasScannedForEncodings = 0;
			knownRegions = (
				en,
				Base,
			);
			mainGroup = 5A87F4422B9A544600F2BEAD;
			packageReferences = (
				5A6BEF992B9C65FD004BC1AA /* XCRemoteSwiftPackageReference "SDWebImage" */,
			);
			productRefGroup = 5A87F44C2B9A544600F2BEAD /* Products */;
			projectDirPath = "";
			projectRoot = "";
			targets = (
				5A87F44A2B9A544600F2BEAD /* Netflix Clone */,
			);
		};
/* End PBXProject section */

/* Begin PBXResourcesBuildPhase section */
		5A87F4492B9A544600F2BEAD /* Resources */ = {
			isa = PBXResourcesBuildPhase;
			buildActionMask = 2147483647;
			files = (
				5A87F45E2B9A544700F2BEAD /* LaunchScreen.storyboard in Resources */,
				5A87F45B2B9A544700F2BEAD /* Assets.xcassets in Resources */,
				5A87F4562B9A544600F2BEAD /* Main.storyboard in Resources */,
			);
			runOnlyForDeploymentPostprocessing = 0;
		};
/* End PBXResourcesBuildPhase section */

/* Begin PBXSourcesBuildPhase section */
		5A87F4472B9A544600F2BEAD /* Sources */ = {
			isa = PBXSourcesBuildPhase;
			buildActionMask = 2147483647;
			files = (
				5A8803AB2BACBB8700E375AE /* YoutubeSeacrhResponse.swift in Sources */,
				5A87F4692B9A563900F2BEAD /* UpcomingViewController.swift in Sources */,
				5AE592FE2B9AF64100AFA58C /* HeroHeaderUIView.swift in Sources */,
				5AABBB5D2B9B5E3800F71525 /* Title.swift in Sources */,
				5A87F46B2B9A566200F2BEAD /* SearchViewController.swift in Sources */,
				5A87F46D2B9A569000F2BEAD /* DownloadsViewController.swift in Sources */,
				5A87F4672B9A560C00F2BEAD /* HomeViewController.swift in Sources */,
				5A87F4592B9A544600F2BEAD /* Netflix_Clone.xcdatamodeld in Sources */,
				5A6BEF982B9C545B004BC1AA /* TitleCollectionViewCell.swift in Sources */,
				5A87F4742B9A5F3400F2BEAD /* CollectionViewTableViewCell.swift in Sources */,
				5A87F4532B9A544600F2BEAD /* MainTabBarViewController.swift in Sources */,
				5AEE3C762BA07E9500D319BB /* TitleTableViewCell.swift in Sources */,
				5AABBB5F2B9B63FB00F71525 /* Extension.swift in Sources */,
				5AABBB5B2B9B579A00F71525 /* APICaller.swift in Sources */,
				5A91CE392BA9D15E00528C24 /* SearchResultViewController.swift in Sources */,
				5AEE3C782BA0874D00D319BB /* TitleViewModel.swift in Sources */,
				5A87F44F2B9A544600F2BEAD /* AppDelegate.swift in Sources */,
				5A87F4512B9A544600F2BEAD /* SceneDelegate.swift in Sources */,
			);
			runOnlyForDeploymentPostprocessing = 0;
		};
/* End PBXSourcesBuildPhase section */

/* Begin PBXVariantGroup section */
		5A87F4542B9A544600F2BEAD /* Main.storyboard */ = {
			isa = PBXVariantGroup;
			children = (
				5A87F4552B9A544600F2BEAD /* Base */,
			);
			name = Main.storyboard;
			sourceTree = "<group>";
		};
		5A87F45C2B9A544700F2BEAD /* LaunchScreen.storyboard */ = {
			isa = PBXVariantGroup;
			children = (
				5A87F45D2B9A544700F2BEAD /* Base */,
			);
			name = LaunchScreen.storyboard;
			sourceTree = "<group>";
		};
/* End PBXVariantGroup section */

/* Begin XCBuildConfiguration section */
		5A87F4602B9A544700F2BEAD /* Debug */ = {
			isa = XCBuildConfiguration;
			buildSettings = {
				ALWAYS_SEARCH_USER_PATHS = NO;
				ASSETCATALOG_COMPILER_GENERATE_SWIFT_ASSET_SYMBOL_EXTENSIONS = YES;
				CLANG_ANALYZER_NONNULL = YES;
				CLANG_ANALYZER_NUMBER_OBJECT_CONVERSION = YES_AGGRESSIVE;
				CLANG_CXX_LANGUAGE_STANDARD = "gnu++20";
				CLANG_ENABLE_MODULES = YES;
				CLANG_ENABLE_OBJC_ARC = YES;
				CLANG_ENABLE_OBJC_WEAK = YES;
				CLANG_WARN_BLOCK_CAPTURE_AUTORELEASING = YES;
				CLANG_WARN_BOOL_CONVERSION = YES;
				CLANG_WARN_COMMA = YES;
				CLANG_WARN_CONSTANT_CONVERSION = YES;
				CLANG_WARN_DEPRECATED_OBJC_IMPLEMENTATIONS = YES;
				CLANG_WARN_DIRECT_OBJC_ISA_USAGE = YES_ERROR;
				CLANG_WARN_DOCUMENTATION_COMMENTS = YES;
				CLANG_WARN_EMPTY_BODY = YES;
				CLANG_WARN_ENUM_CONVERSION = YES;
				CLANG_WARN_INFINITE_RECURSION = YES;
				CLANG_WARN_INT_CONVERSION = YES;
				CLANG_WARN_NON_LITERAL_NULL_CONVERSION = YES;
				CLANG_WARN_OBJC_IMPLICIT_RETAIN_SELF = YES;
				CLANG_WARN_OBJC_LITERAL_CONVERSION = YES;
				CLANG_WARN_OBJC_ROOT_CLASS = YES_ERROR;
				CLANG_WARN_QUOTED_INCLUDE_IN_FRAMEWORK_HEADER = YES;
				CLANG_WARN_RANGE_LOOP_ANALYSIS = YES;
				CLANG_WARN_STRICT_PROTOTYPES = YES;
				CLANG_WARN_SUSPICIOUS_MOVE = YES;
				CLANG_WARN_UNGUARDED_AVAILABILITY = YES_AGGRESSIVE;
				CLANG_WARN_UNREACHABLE_CODE = YES;
				CLANG_WARN__DUPLICATE_METHOD_MATCH = YES;
				COPY_PHASE_STRIP = NO;
				DEBUG_INFORMATION_FORMAT = dwarf;
				ENABLE_STRICT_OBJC_MSGSEND = YES;
				ENABLE_TESTABILITY = YES;
				ENABLE_USER_SCRIPT_SANDBOXING = YES;
				GCC_C_LANGUAGE_STANDARD = gnu17;
				GCC_DYNAMIC_NO_PIC = NO;
				GCC_NO_COMMON_BLOCKS = YES;
				GCC_OPTIMIZATION_LEVEL = 0;
				GCC_PREPROCESSOR_DEFINITIONS = (
					"DEBUG=1",
					"$(inherited)",
				);
				GCC_WARN_64_TO_32_BIT_CONVERSION = YES;
				GCC_WARN_ABOUT_RETURN_TYPE = YES_ERROR;
				GCC_WARN_UNDECLARED_SELECTOR = YES;
				GCC_WARN_UNINITIALIZED_AUTOS = YES_AGGRESSIVE;
				GCC_WARN_UNUSED_FUNCTION = YES;
				GCC_WARN_UNUSED_VARIABLE = YES;
				IPHONEOS_DEPLOYMENT_TARGET = 17.0;
				LOCALIZATION_PREFERS_STRING_CATALOGS = YES;
				MTL_ENABLE_DEBUG_INFO = INCLUDE_SOURCE;
				MTL_FAST_MATH = YES;
				ONLY_ACTIVE_ARCH = YES;
				SDKROOT = iphoneos;
				SWIFT_ACTIVE_COMPILATION_CONDITIONS = "DEBUG $(inherited)";
				SWIFT_OPTIMIZATION_LEVEL = "-Onone";
			};
			name = Debug;
		};
		5A87F4612B9A544700F2BEAD /* Release */ = {
			isa = XCBuildConfiguration;
			buildSettings = {
				ALWAYS_SEARCH_USER_PATHS = NO;
				ASSETCATALOG_COMPILER_GENERATE_SWIFT_ASSET_SYMBOL_EXTENSIONS = YES;
				CLANG_ANALYZER_NONNULL = YES;
				CLANG_ANALYZER_NUMBER_OBJECT_CONVERSION = YES_AGGRESSIVE;
				CLANG_CXX_LANGUAGE_STANDARD = "gnu++20";
				CLANG_ENABLE_MODULES = YES;
				CLANG_ENABLE_OBJC_ARC = YES;
				CLANG_ENABLE_OBJC_WEAK = YES;
				CLANG_WARN_BLOCK_CAPTURE_AUTORELEASING = YES;
				CLANG_WARN_BOOL_CONVERSION = YES;
				CLANG_WARN_COMMA = YES;
				CLANG_WARN_CONSTANT_CONVERSION = YES;
				CLANG_WARN_DEPRECATED_OBJC_IMPLEMENTATIONS = YES;
				CLANG_WARN_DIRECT_OBJC_ISA_USAGE = YES_ERROR;
				CLANG_WARN_DOCUMENTATION_COMMENTS = YES;
				CLANG_WARN_EMPTY_BODY = YES;
				CLANG_WARN_ENUM_CONVERSION = YES;
				CLANG_WARN_INFINITE_RECURSION = YES;
				CLANG_WARN_INT_CONVERSION = YES;
				CLANG_WARN_NON_LITERAL_NULL_CONVERSION = YES;
				CLANG_WARN_OBJC_IMPLICIT_RETAIN_SELF = YES;
				CLANG_WARN_OBJC_LITERAL_CONVERSION = YES;
				CLANG_WARN_OBJC_ROOT_CLASS = YES_ERROR;
				CLANG_WARN_QUOTED_INCLUDE_IN_FRAMEWORK_HEADER = YES;
				CLANG_WARN_RANGE_LOOP_ANALYSIS = YES;
				CLANG_WARN_STRICT_PROTOTYPES = YES;
				CLANG_WARN_SUSPICIOUS_MOVE = YES;
				CLANG_WARN_UNGUARDED_AVAILABILITY = YES_AGGRESSIVE;
				CLANG_WARN_UNREACHABLE_CODE = YES;
				CLANG_WARN__DUPLICATE_METHOD_MATCH = YES;
				COPY_PHASE_STRIP = NO;
				DEBUG_INFORMATION_FORMAT = "dwarf-with-dsym";
				ENABLE_NS_ASSERTIONS = NO;
				ENABLE_STRICT_OBJC_MSGSEND = YES;
				ENABLE_USER_SCRIPT_SANDBOXING = YES;
				GCC_C_LANGUAGE_STANDARD = gnu17;
				GCC_NO_COMMON_BLOCKS = YES;
				GCC_WARN_64_TO_32_BIT_CONVERSION = YES;
				GCC_WARN_ABOUT_RETURN_TYPE = YES_ERROR;
				GCC_WARN_UNDECLARED_SELECTOR = YES;
				GCC_WARN_UNINITIALIZED_AUTOS = YES_AGGRESSIVE;
				GCC_WARN_UNUSED_FUNCTION = YES;
				GCC_WARN_UNUSED_VARIABLE = YES;
				IPHONEOS_DEPLOYMENT_TARGET = 17.0;
				LOCALIZATION_PREFERS_STRING_CATALOGS = YES;
				MTL_ENABLE_DEBUG_INFO = NO;
				MTL_FAST_MATH = YES;
				SDKROOT = iphoneos;
				SWIFT_COMPILATION_MODE = wholemodule;
				VALIDATE_PRODUCT = YES;
			};
			name = Release;
		};
		5A87F4632B9A544700F2BEAD /* Debug */ = {
			isa = XCBuildConfiguration;
			buildSettings = {
				ASSETCATALOG_COMPILER_APPICON_NAME = AppIcon;
				ASSETCATALOG_COMPILER_GLOBAL_ACCENT_COLOR_NAME = AccentColor;
				CODE_SIGN_STYLE = Automatic;
				CURRENT_PROJECT_VERSION = 1;
				DEVELOPMENT_TEAM = F33M7VP8QL;
				GENERATE_INFOPLIST_FILE = YES;
				INFOPLIST_FILE = "Netflix Clone/Info.plist";
				INFOPLIST_KEY_UIApplicationSupportsIndirectInputEvents = YES;
				INFOPLIST_KEY_UILaunchStoryboardName = LaunchScreen;
				INFOPLIST_KEY_UISupportedInterfaceOrientations_iPad = "UIInterfaceOrientationPortrait UIInterfaceOrientationPortraitUpsideDown UIInterfaceOrientationLandscapeLeft UIInterfaceOrientationLandscapeRight";
				INFOPLIST_KEY_UISupportedInterfaceOrientations_iPhone = "UIInterfaceOrientationPortrait UIInterfaceOrientationLandscapeLeft UIInterfaceOrientationLandscapeRight";
				LD_RUNPATH_SEARCH_PATHS = (
					"$(inherited)",
					"@executable_path/Frameworks",
				);
				MARKETING_VERSION = 1.0;
				PRODUCT_BUNDLE_IDENTIFIER = "com.Netflix-Clone";
				PRODUCT_NAME = "$(TARGET_NAME)";
				SWIFT_EMIT_LOC_STRINGS = YES;
				SWIFT_VERSION = 5.0;
				TARGETED_DEVICE_FAMILY = "1,2";
			};
			name = Debug;
		};
		5A87F4642B9A544700F2BEAD /* Release */ = {
			isa = XCBuildConfiguration;
			buildSettings = {
				ASSETCATALOG_COMPILER_APPICON_NAME = AppIcon;
				ASSETCATALOG_COMPILER_GLOBAL_ACCENT_COLOR_NAME = AccentColor;
				CODE_SIGN_STYLE = Automatic;
				CURRENT_PROJECT_VERSION = 1;
				DEVELOPMENT_TEAM = F33M7VP8QL;
				GENERATE_INFOPLIST_FILE = YES;
				INFOPLIST_FILE = "Netflix Clone/Info.plist";
				INFOPLIST_KEY_UIApplicationSupportsIndirectInputEvents = YES;
				INFOPLIST_KEY_UILaunchStoryboardName = LaunchScreen;
				INFOPLIST_KEY_UISupportedInterfaceOrientations_iPad = "UIInterfaceOrientationPortrait UIInterfaceOrientationPortraitUpsideDown UIInterfaceOrientationLandscapeLeft UIInterfaceOrientationLandscapeRight";
				INFOPLIST_KEY_UISupportedInterfaceOrientations_iPhone = "UIInterfaceOrientationPortrait UIInterfaceOrientationLandscapeLeft UIInterfaceOrientationLandscapeRight";
				LD_RUNPATH_SEARCH_PATHS = (
					"$(inherited)",
					"@executable_path/Frameworks",
				);
				MARKETING_VERSION = 1.0;
				PRODUCT_BUNDLE_IDENTIFIER = "com.Netflix-Clone";
				PRODUCT_NAME = "$(TARGET_NAME)";
				SWIFT_EMIT_LOC_STRINGS = YES;
				SWIFT_VERSION = 5.0;
				TARGETED_DEVICE_FAMILY = "1,2";
			};
			name = Release;
		};
/* End XCBuildConfiguration section */

/* Begin XCConfigurationList section */
		5A87F4462B9A544600F2BEAD /* Build configuration list for PBXProject "Netflix Clone" */ = {
			isa = XCConfigurationList;
			buildConfigurations = (
				5A87F4602B9A544700F2BEAD /* Debug */,
				5A87F4612B9A544700F2BEAD /* Release */,
			);
			defaultConfigurationIsVisible = 0;
			defaultConfigurationName = Release;
		};
		5A87F4622B9A544700F2BEAD /* Build configuration list for PBXNativeTarget "Netflix Clone" */ = {
			isa = XCConfigurationList;
			buildConfigurations = (
				5A87F4632B9A544700F2BEAD /* Debug */,
				5A87F4642B9A544700F2BEAD /* Release */,
			);
			defaultConfigurationIsVisible = 0;
			defaultConfigurationName = Release;
		};
/* End XCConfigurationList section */

/* Begin XCRemoteSwiftPackageReference section */
		5A6BEF992B9C65FD004BC1AA /* XCRemoteSwiftPackageReference "SDWebImage" */ = {
			isa = XCRemoteSwiftPackageReference;
			repositoryURL = "https://github.com/SDWebImage/SDWebImage";
			requirement = {
				kind = upToNextMajorVersion;
				minimumVersion = 5.19.0;
			};
		};
/* End XCRemoteSwiftPackageReference section */

/* Begin XCSwiftPackageProductDependency section */
		5A6BEF9A2B9C65FD004BC1AA /* SDWebImage */ = {
			isa = XCSwiftPackageProductDependency;
			package = 5A6BEF992B9C65FD004BC1AA /* XCRemoteSwiftPackageReference "SDWebImage" */;
			productName = SDWebImage;
		};
		5A6BEF9C2B9C65FD004BC1AA /* SDWebImageMapKit */ = {
			isa = XCSwiftPackageProductDependency;
			package = 5A6BEF992B9C65FD004BC1AA /* XCRemoteSwiftPackageReference "SDWebImage" */;
			productName = SDWebImageMapKit;
		};
/* End XCSwiftPackageProductDependency section */

/* Begin XCVersionGroup section */
		5A87F4572B9A544600F2BEAD /* Netflix_Clone.xcdatamodeld */ = {
			isa = XCVersionGroup;
			children = (
				5A87F4582B9A544600F2BEAD /* Netflix_Clone.xcdatamodel */,
			);
			currentVersion = 5A87F4582B9A544600F2BEAD /* Netflix_Clone.xcdatamodel */;
			path = Netflix_Clone.xcdatamodeld;
			sourceTree = "<group>";
			versionGroupType = wrapper.xcdatamodel;
		};
/* End XCVersionGroup section */
	};
	rootObject = 5A87F4432B9A544600F2BEAD /* Project object */;
}
